
Microsoft Visual Studio Solution File, Format Version 12.00
# Visual Studio Version 17
VisualStudioVersion = 17.9.34622.214
MinimumVisualStudioVersion = 10.0.40219.1
Project("{FAE04EC0-301F-11D3-BF4B-00C04F79EFBC}") = "Parcial progra 2", "Parcial progra 2\Parcial progra 2.csproj", "{C0CC1C70-DFD8-45EA-AD60-4118D6B07AA8}"
EndProject
Global
	GlobalSection(SolutionConfigurationPlatforms) = preSolution
		Debug|Any CPU = Debug|Any CPU
		Release|Any CPU = Release|Any CPU
	EndGlobalSection
	GlobalSection(ProjectConfigurationPlatforms) = postSolution
		{C0CC1C70-DFD8-45EA-AD60-4118D6B07AA8}.Debug|Any CPU.ActiveCfg = Debug|Any CPU
		{C0CC1C70-DFD8-45EA-AD60-4118D6B07AA8}.Debug|Any CPU.Build.0 = Debug|Any CPU
		{C0CC1C70-DFD8-45EA-AD60-4118D6B07AA8}.Release|Any CPU.ActiveCfg = Release|Any CPU
		{C0CC1C70-DFD8-45EA-AD60-4118D6B07AA8}.Release|Any CPU.Build.0 = Release|Any CPU
	EndGlobalSection
	GlobalSection(SolutionProperties) = preSolution
		HideSolutionNode = FALSE
	EndGlobalSection
	GlobalSection(ExtensibilityGlobals) = postSolution
		SolutionGuid = {C0735173-FB75-4AA1-8CBF-D8CBFB91AFFC}
	EndGlobalSection
EndGlobal
